{
  "name": "remix-pwa",
  "version": "4.0.1",
  "lockfileVersion": 3,
  "requires": true,
  "packages": {
    "": {
      "name": "remix-pwa",
      "version": "4.0.1",
      "license": "MIT",
      "dependencies": {
        "@remix-pwa/cli": "^1.1.0"
      },
      "bin": {
        "remix-pwa": "cli.js"
      },
      "devDependencies": {
        "@types/node": "^20.3.0",
        "typescript": "^5.1.3"
      }
    },
    "node_modules/@commander-js/extra-typings": {
      "version": "12.0.1",
      "resolved": "https://registry.npmjs.org/@commander-js/extra-typings/-/extra-typings-12.0.1.tgz",
      "integrity": "sha512-OvkMobb1eMqOCuJdbuSin/KJkkZr7n24/UNV+Lcz/0Dhepf3r2p9PaGwpRpAWej7A+gQnny4h8mGhpFl4giKkg==",
      "peerDependencies": {
        "commander": "~12.0.0"
      }
    },
    "node_modules/@remix-pwa/cli": {
      "version": "1.1.0",
      "resolved": "https://registry.npmjs.org/@remix-pwa/cli/-/cli-1.1.0.tgz",
      "integrity": "sha512-BvlvAWdILIQgZy7JH6r5nA2RsjuECOXG44zBNL1fOoX17DwaGsne7yVK+MxJO+3xe+2xnSCqtyeA6v3xyrYyFA==",
      "dependencies": {
        "@commander-js/extra-typings": "^12.0.1",
        "commander": "^12.0.0",
        "pathe": "^1.1.2",
        "picocolors": "^1.0.0",
        "typescript": "^5.4.2"
      },
      "engines": {
        "node": ">=18.0.0"
      },
      "peerDependencies": {
        "@remix-run/dev": "^1.15.0 || ^2.0.0"
      },
      "peerDependenciesMeta": {
        "@remix-run/dev": {
          "optional": true
        }
      }
    },
    "node_modules/@types/node": {
      "version": "20.11.30",
      "resolved": "https://registry.npmjs.org/@types/node/-/node-20.11.30.tgz",
      "integrity": "sha512-dHM6ZxwlmuZaRmUPfv1p+KrdD1Dci04FbdEm/9wEMouFqxYoFl5aMkt0VMAUtYRQDyYvD41WJLukhq/ha3YuTw==",
      "dev": true,
      "dependencies": {
        "undici-types": "~5.26.4"
      }
    },
    "node_modules/commander": {
      "version": "12.0.0",
      "resolved": "https://registry.npmjs.org/commander/-/commander-12.0.0.tgz",
      "integrity": "sha512-MwVNWlYjDTtOjX5PiD7o5pK0UrFU/OYgcJfjjK4RaHZETNtjJqrZa9Y9ds88+A+f+d5lv+561eZ+yCKoS3gbAA==",
      "engines": {
        "node": ">=18"
      }
    },
    "node_modules/pathe": {
      "version": "1.1.2",
      "resolved": "https://registry.npmjs.org/pathe/-/pathe-1.1.2.tgz",
      "integrity": "sha512-whLdWMYL2TwI08hn8/ZqAbrVemu0LNaNNJZX73O6qaIdCTfXutsLhMkjdENX0qhsQ9uIimo4/aQOmXkoon2nDQ=="
    },
    "node_modules/picocolors": {
      "version": "1.0.0",
      "resolved": "https://registry.npmjs.org/picocolors/-/picocolors-1.0.0.tgz",
      "integrity": "sha512-1fygroTLlHu66zi26VoTDv8yRgm0Fccecssto+MhsZ0D/DGW2sm8E8AjW7NU5VVTRt5GxbeZ5qBuJr+HyLYkjQ=="
    },
    "node_modules/typescript": {
      "version": "5.4.3",
      "resolved": "https://registry.npmjs.org/typescript/-/typescript-5.4.3.tgz",
      "integrity": "sha512-KrPd3PKaCLr78MalgiwJnA25Nm8HAmdwN3mYUYZgG/wizIo9EainNVQI9/yDavtVFRN2h3k8uf3GLHuhDMgEHg==",
      "bin": {
        "tsc": "bin/tsc",
        "tsserver": "bin/tsserver"
      },
      "engines": {
        "node": ">=14.17"
      }
    },
    "node_modules/undici-types": {
      "version": "5.26.5",
      "resolved": "https://registry.npmjs.org/undici-types/-/undici-types-5.26.5.tgz",
      "integrity": "sha512-JlCMO+ehdEIKqlFxk6IfVoAUVmgz7cU7zD/h9XZ0qzeosSHmUJVOzSQvvYSYWXkFXC+IfLKSIffhv0sVZup6pA==",
      "dev": true
    }
  }
}
